
Microsoft Visual Studio Solution File, Format Version 12.00
# Visual Studio Version 17
VisualStudioVersion = 17.0.31903.59
MinimumVisualStudioVersion = 10.0.40219.1
Project("{2150E333-8FDC-42A3-9474-1A3956D46DE8}") = "src", "src", "{827E0CD3-B72D-47B6-A68D-7590B98EB39B}"
EndProject
Project("{2150E333-8FDC-42A3-9474-1A3956D46DE8}") = "Services", "Services", "{984BB9B3-3FA3-BE33-9484-CAC21695A33C}"
EndProject
Project("{2150E333-8FDC-42A3-9474-1A3956D46DE8}") = "Catalog", "Catalog", "{C91C1CF1-1625-0789-F869-53D87D6277BA}"
EndProject
Project("{FAE04EC0-301F-11D3-BF4B-00C04F79EFBC}") = "Catalog.API", "src\Services\Catalog\Catalog.API\Catalog.API.csproj", "{CE8927CE-B48D-4ABB-AF33-77F604D668F5}"
EndProject
Project("{2150E333-8FDC-42A3-9474-1A3956D46DE8}") = "BuildingBlocks", "BuildingBlocks", "{90298CBA-BD6F-3A0A-69D5-97CAD7B05E7E}"
EndProject
Project("{FAE04EC0-301F-11D3-BF4B-00C04F79EFBC}") = "BuildingBlocks", "src\BuildingBlocks\BuildingBlocks\BuildingBlocks.csproj", "{45E221FA-64FE-42EE-9C88-3B5F8DAE87A2}"
EndProject
Project("{2150E333-8FDC-42A3-9474-1A3956D46DE8}") = "Basket", "Basket", "{6C0557C3-B1C9-A54D-46F8-F4FBBDE30E30}"
EndProject
Project("{FAE04EC0-301F-11D3-BF4B-00C04F79EFBC}") = "Basket.API", "src\Services\Basket\Basket.API\Basket.API.csproj", "{A61430EC-BE18-4D3E-A8C2-E92558271917}"
EndProject
Project("{2150E333-8FDC-42A3-9474-1A3956D46DE8}") = "Discount", "Discount", "{EEA4A782-341D-6440-FC22-D64D0B11E3C8}"
EndProject
Project("{FAE04EC0-301F-11D3-BF4B-00C04F79EFBC}") = "Discount.Grpc", "src\Services\Discount\Discount.Grpc\Discount.Grpc.csproj", "{8F1ECF1D-8858-4474-89A9-B2BA4732D476}"
EndProject
Project("{2150E333-8FDC-42A3-9474-1A3956D46DE8}") = "Ordering", "Ordering", "{D3BAB01C-7F3F-8576-96BE-8BE70C9B9915}"
EndProject
Project("{FAE04EC0-301F-11D3-BF4B-00C04F79EFBC}") = "Ordering.Infrastructure", "src\Services\Ordering\Ordering.Infrastructure\Ordering.Infrastructure.csproj", "{167E37BC-8C21-4882-BA25-081143AC11D5}"
EndProject
Project("{FAE04EC0-301F-11D3-BF4B-00C04F79EFBC}") = "Ordering.API", "src\Services\Ordering\Ordering.API\Ordering.API.csproj", "{0C4EECB3-4CC3-4CBB-B158-5985A46F9FE8}"
EndProject
Project("{FAE04EC0-301F-11D3-BF4B-00C04F79EFBC}") = "Ordering.Application", "src\Services\Ordering\Ordering.Application\Ordering.Application.csproj", "{ACEE8CCB-9AC7-4CEE-A09C-3828FA89A01C}"
EndProject
Project("{FAE04EC0-301F-11D3-BF4B-00C04F79EFBC}") = "Ordering.Domain", "src\Services\Ordering\Ordering.Domain\Ordering.Domain.csproj", "{2E94F8DF-AC01-49B0-BCDB-86382E70C143}"
EndProject
Project("{FAE04EC0-301F-11D3-BF4B-00C04F79EFBC}") = "BuildingBlocks.Messaging", "src\BuildingBlocks\BuildingBlocks.Messaging\BuildingBlocks.Messaging.csproj", "{58DC36C2-3B17-4BB7-A8D0-5FA91B5F07B8}"
EndProject
Global
	GlobalSection(SolutionConfigurationPlatforms) = preSolution
		Debug|Any CPU = Debug|Any CPU
		Debug|x64 = Debug|x64
		Debug|x86 = Debug|x86
		Release|Any CPU = Release|Any CPU
		Release|x64 = Release|x64
		Release|x86 = Release|x86
	EndGlobalSection
	GlobalSection(ProjectConfigurationPlatforms) = postSolution
		{CE8927CE-B48D-4ABB-AF33-77F604D668F5}.Debug|Any CPU.ActiveCfg = Debug|Any CPU
		{CE8927CE-B48D-4ABB-AF33-77F604D668F5}.Debug|Any CPU.Build.0 = Debug|Any CPU
		{CE8927CE-B48D-4ABB-AF33-77F604D668F5}.Debug|x64.ActiveCfg = Debug|Any CPU
		{CE8927CE-B48D-4ABB-AF33-77F604D668F5}.Debug|x64.Build.0 = Debug|Any CPU
		{CE8927CE-B48D-4ABB-AF33-77F604D668F5}.Debug|x86.ActiveCfg = Debug|Any CPU
		{CE8927CE-B48D-4ABB-AF33-77F604D668F5}.Debug|x86.Build.0 = Debug|Any CPU
		{CE8927CE-B48D-4ABB-AF33-77F604D668F5}.Release|Any CPU.ActiveCfg = Release|Any CPU
		{CE8927CE-B48D-4ABB-AF33-77F604D668F5}.Release|Any CPU.Build.0 = Release|Any CPU
		{CE8927CE-B48D-4ABB-AF33-77F604D668F5}.Release|x64.ActiveCfg = Release|Any CPU
		{CE8927CE-B48D-4ABB-AF33-77F604D668F5}.Release|x64.Build.0 = Release|Any CPU
		{CE8927CE-B48D-4ABB-AF33-77F604D668F5}.Release|x86.ActiveCfg = Release|Any CPU
		{CE8927CE-B48D-4ABB-AF33-77F604D668F5}.Release|x86.Build.0 = Release|Any CPU
		{45E221FA-64FE-42EE-9C88-3B5F8DAE87A2}.Debug|Any CPU.ActiveCfg = Debug|Any CPU
		{45E221FA-64FE-42EE-9C88-3B5F8DAE87A2}.Debug|Any CPU.Build.0 = Debug|Any CPU
		{45E221FA-64FE-42EE-9C88-3B5F8DAE87A2}.Debug|x64.ActiveCfg = Debug|Any CPU
		{45E221FA-64FE-42EE-9C88-3B5F8DAE87A2}.Debug|x64.Build.0 = Debug|Any CPU
		{45E221FA-64FE-42EE-9C88-3B5F8DAE87A2}.Debug|x86.ActiveCfg = Debug|Any CPU
		{45E221FA-64FE-42EE-9C88-3B5F8DAE87A2}.Debug|x86.Build.0 = Debug|Any CPU
		{45E221FA-64FE-42EE-9C88-3B5F8DAE87A2}.Release|Any CPU.ActiveCfg = Release|Any CPU
		{45E221FA-64FE-42EE-9C88-3B5F8DAE87A2}.Release|Any CPU.Build.0 = Release|Any CPU
		{45E221FA-64FE-42EE-9C88-3B5F8DAE87A2}.Release|x64.ActiveCfg = Release|Any CPU
		{45E221FA-64FE-42EE-9C88-3B5F8DAE87A2}.Release|x64.Build.0 = Release|Any CPU
		{45E221FA-64FE-42EE-9C88-3B5F8DAE87A2}.Release|x86.ActiveCfg = Release|Any CPU
		{45E221FA-64FE-42EE-9C88-3B5F8DAE87A2}.Release|x86.Build.0 = Release|Any CPU
		{A61430EC-BE18-4D3E-A8C2-E92558271917}.Debug|Any CPU.ActiveCfg = Debug|Any CPU
		{A61430EC-BE18-4D3E-A8C2-E92558271917}.Debug|Any CPU.Build.0 = Debug|Any CPU
		{A61430EC-BE18-4D3E-A8C2-E92558271917}.Debug|x64.ActiveCfg = Debug|Any CPU
		{A61430EC-BE18-4D3E-A8C2-E92558271917}.Debug|x64.Build.0 = Debug|Any CPU
		{A61430EC-BE18-4D3E-A8C2-E92558271917}.Debug|x86.ActiveCfg = Debug|Any CPU
		{A61430EC-BE18-4D3E-A8C2-E92558271917}.Debug|x86.Build.0 = Debug|Any CPU
		{A61430EC-BE18-4D3E-A8C2-E92558271917}.Release|Any CPU.ActiveCfg = Release|Any CPU
		{A61430EC-BE18-4D3E-A8C2-E92558271917}.Release|Any CPU.Build.0 = Release|Any CPU
		{A61430EC-BE18-4D3E-A8C2-E92558271917}.Release|x64.ActiveCfg = Release|Any CPU
		{A61430EC-BE18-4D3E-A8C2-E92558271917}.Release|x64.Build.0 = Release|Any CPU
		{A61430EC-BE18-4D3E-A8C2-E92558271917}.Release|x86.ActiveCfg = Release|Any CPU
		{A61430EC-BE18-4D3E-A8C2-E92558271917}.Release|x86.Build.0 = Release|Any CPU
		{8F1ECF1D-8858-4474-89A9-B2BA4732D476}.Debug|Any CPU.ActiveCfg = Debug|Any CPU
		{8F1ECF1D-8858-4474-89A9-B2BA4732D476}.Debug|Any CPU.Build.0 = Debug|Any CPU
		{8F1ECF1D-8858-4474-89A9-B2BA4732D476}.Debug|x64.ActiveCfg = Debug|Any CPU
		{8F1ECF1D-8858-4474-89A9-B2BA4732D476}.Debug|x64.Build.0 = Debug|Any CPU
		{8F1ECF1D-8858-4474-89A9-B2BA4732D476}.Debug|x86.ActiveCfg = Debug|Any CPU
		{8F1ECF1D-8858-4474-89A9-B2BA4732D476}.Debug|x86.Build.0 = Debug|Any CPU
		{8F1ECF1D-8858-4474-89A9-B2BA4732D476}.Release|Any CPU.ActiveCfg = Release|Any CPU
		{8F1ECF1D-8858-4474-89A9-B2BA4732D476}.Release|Any CPU.Build.0 = Release|Any CPU
		{8F1ECF1D-8858-4474-89A9-B2BA4732D476}.Release|x64.ActiveCfg = Release|Any CPU
		{8F1ECF1D-8858-4474-89A9-B2BA4732D476}.Release|x64.Build.0 = Release|Any CPU
		{8F1ECF1D-8858-4474-89A9-B2BA4732D476}.Release|x86.ActiveCfg = Release|Any CPU
		{8F1ECF1D-8858-4474-89A9-B2BA4732D476}.Release|x86.Build.0 = Release|Any CPU
		{167E37BC-8C21-4882-BA25-081143AC11D5}.Debug|Any CPU.ActiveCfg = Debug|Any CPU
		{167E37BC-8C21-4882-BA25-081143AC11D5}.Debug|Any CPU.Build.0 = Debug|Any CPU
		{167E37BC-8C21-4882-BA25-081143AC11D5}.Debug|x64.ActiveCfg = Debug|Any CPU
		{167E37BC-8C21-4882-BA25-081143AC11D5}.Debug|x64.Build.0 = Debug|Any CPU
		{167E37BC-8C21-4882-BA25-081143AC11D5}.Debug|x86.ActiveCfg = Debug|Any CPU
		{167E37BC-8C21-4882-BA25-081143AC11D5}.Debug|x86.Build.0 = Debug|Any CPU
		{167E37BC-8C21-4882-BA25-081143AC11D5}.Release|Any CPU.ActiveCfg = Release|Any CPU
		{167E37BC-8C21-4882-BA25-081143AC11D5}.Release|Any CPU.Build.0 = Release|Any CPU
		{167E37BC-8C21-4882-BA25-081143AC11D5}.Release|x64.ActiveCfg = Release|Any CPU
		{167E37BC-8C21-4882-BA25-081143AC11D5}.Release|x64.Build.0 = Release|Any CPU
		{167E37BC-8C21-4882-BA25-081143AC11D5}.Release|x86.ActiveCfg = Release|Any CPU
		{167E37BC-8C21-4882-BA25-081143AC11D5}.Release|x86.Build.0 = Release|Any CPU
		{0C4EECB3-4CC3-4CBB-B158-5985A46F9FE8}.Debug|Any CPU.ActiveCfg = Debug|Any CPU
		{0C4EECB3-4CC3-4CBB-B158-5985A46F9FE8}.Debug|Any CPU.Build.0 = Debug|Any CPU
		{0C4EECB3-4CC3-4CBB-B158-5985A46F9FE8}.Debug|x64.ActiveCfg = Debug|Any CPU
		{0C4EECB3-4CC3-4CBB-B158-5985A46F9FE8}.Debug|x64.Build.0 = Debug|Any CPU
		{0C4EECB3-4CC3-4CBB-B158-5985A46F9FE8}.Debug|x86.ActiveCfg = Debug|Any CPU
		{0C4EECB3-4CC3-4CBB-B158-5985A46F9FE8}.Debug|x86.Build.0 = Debug|Any CPU
		{0C4EECB3-4CC3-4CBB-B158-5985A46F9FE8}.Release|Any CPU.ActiveCfg = Release|Any CPU
		{0C4EECB3-4CC3-4CBB-B158-5985A46F9FE8}.Release|Any CPU.Build.0 = Release|Any CPU
		{0C4EECB3-4CC3-4CBB-B158-5985A46F9FE8}.Release|x64.ActiveCfg = Release|Any CPU
		{0C4EECB3-4CC3-4CBB-B158-5985A46F9FE8}.Release|x64.Build.0 = Release|Any CPU
		{0C4EECB3-4CC3-4CBB-B158-5985A46F9FE8}.Release|x86.ActiveCfg = Release|Any CPU
		{0C4EECB3-4CC3-4CBB-B158-5985A46F9FE8}.Release|x86.Build.0 = Release|Any CPU
		{ACEE8CCB-9AC7-4CEE-A09C-3828FA89A01C}.Debug|Any CPU.ActiveCfg = Debug|Any CPU
		{ACEE8CCB-9AC7-4CEE-A09C-3828FA89A01C}.Debug|Any CPU.Build.0 = Debug|Any CPU
		{ACEE8CCB-9AC7-4CEE-A09C-3828FA89A01C}.Debug|x64.ActiveCfg = Debug|Any CPU
		{ACEE8CCB-9AC7-4CEE-A09C-3828FA89A01C}.Debug|x64.Build.0 = Debug|Any CPU
		{ACEE8CCB-9AC7-4CEE-A09C-3828FA89A01C}.Debug|x86.ActiveCfg = Debug|Any CPU
		{ACEE8CCB-9AC7-4CEE-A09C-3828FA89A01C}.Debug|x86.Build.0 = Debug|Any CPU
		{ACEE8CCB-9AC7-4CEE-A09C-3828FA89A01C}.Release|Any CPU.ActiveCfg = Release|Any CPU
		{ACEE8CCB-9AC7-4CEE-A09C-3828FA89A01C}.Release|Any CPU.Build.0 = Release|Any CPU
		{ACEE8CCB-9AC7-4CEE-A09C-3828FA89A01C}.Release|x64.ActiveCfg = Release|Any CPU
		{ACEE8CCB-9AC7-4CEE-A09C-3828FA89A01C}.Release|x64.Build.0 = Release|Any CPU
		{ACEE8CCB-9AC7-4CEE-A09C-3828FA89A01C}.Release|x86.ActiveCfg = Release|Any CPU
		{ACEE8CCB-9AC7-4CEE-A09C-3828FA89A01C}.Release|x86.Build.0 = Release|Any CPU
		{2E94F8DF-AC01-49B0-BCDB-86382E70C143}.Debug|Any CPU.ActiveCfg = Debug|Any CPU
		{2E94F8DF-AC01-49B0-BCDB-86382E70C143}.Debug|Any CPU.Build.0 = Debug|Any CPU
		{2E94F8DF-AC01-49B0-BCDB-86382E70C143}.Debug|x64.ActiveCfg = Debug|Any CPU
		{2E94F8DF-AC01-49B0-BCDB-86382E70C143}.Debug|x64.Build.0 = Debug|Any CPU
		{2E94F8DF-AC01-49B0-BCDB-86382E70C143}.Debug|x86.ActiveCfg = Debug|Any CPU
		{2E94F8DF-AC01-49B0-BCDB-86382E70C143}.Debug|x86.Build.0 = Debug|Any CPU
		{2E94F8DF-AC01-49B0-BCDB-86382E70C143}.Release|Any CPU.ActiveCfg = Release|Any CPU
		{2E94F8DF-AC01-49B0-BCDB-86382E70C143}.Release|Any CPU.Build.0 = Release|Any CPU
		{2E94F8DF-AC01-49B0-BCDB-86382E70C143}.Release|x64.ActiveCfg = Release|Any CPU
		{2E94F8DF-AC01-49B0-BCDB-86382E70C143}.Release|x64.Build.0 = Release|Any CPU
		{2E94F8DF-AC01-49B0-BCDB-86382E70C143}.Release|x86.ActiveCfg = Release|Any CPU
		{2E94F8DF-AC01-49B0-BCDB-86382E70C143}.Release|x86.Build.0 = Release|Any CPU
		{58DC36C2-3B17-4BB7-A8D0-5FA91B5F07B8}.Debug|Any CPU.ActiveCfg = Debug|Any CPU
		{58DC36C2-3B17-4BB7-A8D0-5FA91B5F07B8}.Debug|Any CPU.Build.0 = Debug|Any CPU
		{58DC36C2-3B17-4BB7-A8D0-5FA91B5F07B8}.Debug|x64.ActiveCfg = Debug|Any CPU
		{58DC36C2-3B17-4BB7-A8D0-5FA91B5F07B8}.Debug|x64.Build.0 = Debug|Any CPU
		{58DC36C2-3B17-4BB7-A8D0-5FA91B5F07B8}.Debug|x86.ActiveCfg = Debug|Any CPU
		{58DC36C2-3B17-4BB7-A8D0-5FA91B5F07B8}.Debug|x86.Build.0 = Debug|Any CPU
		{58DC36C2-3B17-4BB7-A8D0-5FA91B5F07B8}.Release|Any CPU.ActiveCfg = Release|Any CPU
		{58DC36C2-3B17-4BB7-A8D0-5FA91B5F07B8}.Release|Any CPU.Build.0 = Release|Any CPU
		{58DC36C2-3B17-4BB7-A8D0-5FA91B5F07B8}.Release|x64.ActiveCfg = Release|Any CPU
		{58DC36C2-3B17-4BB7-A8D0-5FA91B5F07B8}.Release|x64.Build.0 = Release|Any CPU
		{58DC36C2-3B17-4BB7-A8D0-5FA91B5F07B8}.Release|x86.ActiveCfg = Release|Any CPU
		{58DC36C2-3B17-4BB7-A8D0-5FA91B5F07B8}.Release|x86.Build.0 = Release|Any CPU
	EndGlobalSection
	GlobalSection(SolutionProperties) = preSolution
		HideSolutionNode = FALSE
	EndGlobalSection
	GlobalSection(NestedProjects) = preSolution
		{984BB9B3-3FA3-BE33-9484-CAC21695A33C} = {827E0CD3-B72D-47B6-A68D-7590B98EB39B}
		{C91C1CF1-1625-0789-F869-53D87D6277BA} = {984BB9B3-3FA3-BE33-9484-CAC21695A33C}
		{CE8927CE-B48D-4ABB-AF33-77F604D668F5} = {C91C1CF1-1625-0789-F869-53D87D6277BA}
		{90298CBA-BD6F-3A0A-69D5-97CAD7B05E7E} = {827E0CD3-B72D-47B6-A68D-7590B98EB39B}
		{45E221FA-64FE-42EE-9C88-3B5F8DAE87A2} = {90298CBA-BD6F-3A0A-69D5-97CAD7B05E7E}
		{6C0557C3-B1C9-A54D-46F8-F4FBBDE30E30} = {984BB9B3-3FA3-BE33-9484-CAC21695A33C}
		{A61430EC-BE18-4D3E-A8C2-E92558271917} = {6C0557C3-B1C9-A54D-46F8-F4FBBDE30E30}
		{EEA4A782-341D-6440-FC22-D64D0B11E3C8} = {984BB9B3-3FA3-BE33-9484-CAC21695A33C}
		{8F1ECF1D-8858-4474-89A9-B2BA4732D476} = {EEA4A782-341D-6440-FC22-D64D0B11E3C8}
		{D3BAB01C-7F3F-8576-96BE-8BE70C9B9915} = {984BB9B3-3FA3-BE33-9484-CAC21695A33C}
		{167E37BC-8C21-4882-BA25-081143AC11D5} = {D3BAB01C-7F3F-8576-96BE-8BE70C9B9915}
		{0C4EECB3-4CC3-4CBB-B158-5985A46F9FE8} = {D3BAB01C-7F3F-8576-96BE-8BE70C9B9915}
		{ACEE8CCB-9AC7-4CEE-A09C-3828FA89A01C} = {D3BAB01C-7F3F-8576-96BE-8BE70C9B9915}
		{2E94F8DF-AC01-49B0-BCDB-86382E70C143} = {D3BAB01C-7F3F-8576-96BE-8BE70C9B9915}
		{58DC36C2-3B17-4BB7-A8D0-5FA91B5F07B8} = {90298CBA-BD6F-3A0A-69D5-97CAD7B05E7E}
	EndGlobalSection
EndGlobal
